{
  "name": "acme-rockets",
  "version": "1.0.0",
  "lockfileVersion": 1,
  "requires": true,
  "dependencies": {
    "prettier-plugin-tailwindcss": {
      "version": "0.5.9",
      "resolved": "https://registry.npmjs.org/prettier-plugin-tailwindcss/-/prettier-plugin-tailwindcss-0.5.9.tgz",
      "integrity": "sha512-9x3t1s2Cjbut2QiP+O0mDqV3gLXTe2CgRlQDgucopVkUdw26sQi53p/q4qvGxMLBDfk/dcTV57Aa/zYwz9l8Ew==",
      "dev": true
    }
  }
}
